
Microsoft Visual Studio Solution File, Format Version 12.00
# Visual Studio Version 17
VisualStudioVersion = 17.13.35931.197
MinimumVisualStudioVersion = 10.0.40219.1
Project("{FAE04EC0-301F-11D3-BF4B-00C04F79EFBC}") = "FleetComponentTracker", "FleetComponentTracker\FleetComponentTracker.csproj", "{7D588DF6-CA53-4BDF-813B-3974AF975B2E}"
EndProject
Project("{2150E333-8FDC-42A3-9474-1A3956D46DE8}") = ".github", ".github", "{02EA681E-C7D8-13C7-8484-4AC65E1B71E8}"
EndProject
Project("{2150E333-8FDC-42A3-9474-1A3956D46DE8}") = "workflows", "workflows", "{B87BF5D0-6158-4402-8F00-01CBDD30FA06}"
	ProjectSection(SolutionItems) = preProject
		build.yml = build.yml
	EndProjectSection
EndProject
Global
	GlobalSection(SolutionConfigurationPlatforms) = preSolution
		Debug|Any CPU = Debug|Any CPU
		Release|Any CPU = Release|Any CPU
	EndGlobalSection
	GlobalSection(ProjectConfigurationPlatforms) = postSolution
		{7D588DF6-CA53-4BDF-813B-3974AF975B2E}.Debug|Any CPU.ActiveCfg = Debug|Any CPU
		{7D588DF6-CA53-4BDF-813B-3974AF975B2E}.Debug|Any CPU.Build.0 = Debug|Any CPU
		{7D588DF6-CA53-4BDF-813B-3974AF975B2E}.Release|Any CPU.ActiveCfg = Release|Any CPU
		{7D588DF6-CA53-4BDF-813B-3974AF975B2E}.Release|Any CPU.Build.0 = Release|Any CPU
	EndGlobalSection
	GlobalSection(SolutionProperties) = preSolution
		HideSolutionNode = FALSE
	EndGlobalSection
	GlobalSection(NestedProjects) = preSolution
		{B87BF5D0-6158-4402-8F00-01CBDD30FA06} = {02EA681E-C7D8-13C7-8484-4AC65E1B71E8}
	EndGlobalSection
	GlobalSection(ExtensibilityGlobals) = postSolution
		SolutionGuid = {8D64709F-2D2C-4896-A50C-9392409C13EB}
	EndGlobalSection
EndGlobal
