
Microsoft Visual Studio Solution File, Format Version 12.00
# Visual Studio Version 17
VisualStudioVersion = 17.13.35931.197
MinimumVisualStudioVersion = 10.0.40219.1
Project("{FAE04EC0-301F-11D3-BF4B-00C04F79EFBC}") = "FleetComponentTracker", "FleetComponentTracker\FleetComponentTracker.csproj", "{7D588DF6-CA53-4BDF-813B-3974AF975B2E}"
EndProject
Global
	GlobalSection(SolutionConfigurationPlatforms) = preSolution
		Debug|Any CPU = Debug|Any CPU
		Release|Any CPU = Release|Any CPU
	EndGlobalSection
	GlobalSection(ProjectConfigurationPlatforms) = postSolution
		{7D588DF6-CA53-4BDF-813B-3974AF975B2E}.Debug|Any CPU.ActiveCfg = Debug|Any CPU
		{7D588DF6-CA53-4BDF-813B-3974AF975B2E}.Debug|Any CPU.Build.0 = Debug|Any CPU
		{7D588DF6-CA53-4BDF-813B-3974AF975B2E}.Release|Any CPU.ActiveCfg = Release|Any CPU
		{7D588DF6-CA53-4BDF-813B-3974AF975B2E}.Release|Any CPU.Build.0 = Release|Any CPU
	EndGlobalSection
	GlobalSection(SolutionProperties) = preSolution
		HideSolutionNode = FALSE
	EndGlobalSection
	GlobalSection(ExtensibilityGlobals) = postSolution
		SolutionGuid = {8D64709F-2D2C-4896-A50C-9392409C13EB}
	EndGlobalSection
EndGlobal
